
Microsoft Visual Studio Solution File, Format Version 12.00
# Visual Studio Version 17
VisualStudioVersion = 17.13.35806.99 d17.13
MinimumVisualStudioVersion = 10.0.40219.1
Project("{FAE04EC0-301F-11D3-BF4B-00C04F79EFBC}") = "HelloWorld", "HelloWorld\HelloWorld.csproj", "{3A166559-025F-4755-9092-81B34FFF59D2}"
EndProject
Project("{FAE04EC0-301F-11D3-BF4B-00C04F79EFBC}") = "ConsoleApp", "ConsoleApp\ConsoleApp.csproj", "{0FB101D0-1694-42D9-B856-CD8B30A78152}"
EndProject
Project("{FAE04EC0-301F-11D3-BF4B-00C04F79EFBC}") = "InfoAboutMe", "InfoAboutMe\InfoAboutMe.csproj", "{6184006A-312B-4D91-B575-CCC25AA5E9FF}"
EndProject
Global
	GlobalSection(SolutionConfigurationPlatforms) = preSolution
		Debug|Any CPU = Debug|Any CPU
		Release|Any CPU = Release|Any CPU
	EndGlobalSection
	GlobalSection(ProjectConfigurationPlatforms) = postSolution
		{3A166559-025F-4755-9092-81B34FFF59D2}.Debug|Any CPU.ActiveCfg = Debug|Any CPU
		{3A166559-025F-4755-9092-81B34FFF59D2}.Debug|Any CPU.Build.0 = Debug|Any CPU
		{3A166559-025F-4755-9092-81B34FFF59D2}.Release|Any CPU.ActiveCfg = Release|Any CPU
		{3A166559-025F-4755-9092-81B34FFF59D2}.Release|Any CPU.Build.0 = Release|Any CPU
		{0FB101D0-1694-42D9-B856-CD8B30A78152}.Debug|Any CPU.ActiveCfg = Debug|Any CPU
		{0FB101D0-1694-42D9-B856-CD8B30A78152}.Debug|Any CPU.Build.0 = Debug|Any CPU
		{0FB101D0-1694-42D9-B856-CD8B30A78152}.Release|Any CPU.ActiveCfg = Release|Any CPU
		{0FB101D0-1694-42D9-B856-CD8B30A78152}.Release|Any CPU.Build.0 = Release|Any CPU
		{6184006A-312B-4D91-B575-CCC25AA5E9FF}.Debug|Any CPU.ActiveCfg = Debug|Any CPU
		{6184006A-312B-4D91-B575-CCC25AA5E9FF}.Debug|Any CPU.Build.0 = Debug|Any CPU
		{6184006A-312B-4D91-B575-CCC25AA5E9FF}.Release|Any CPU.ActiveCfg = Release|Any CPU
		{6184006A-312B-4D91-B575-CCC25AA5E9FF}.Release|Any CPU.Build.0 = Release|Any CPU
	EndGlobalSection
	GlobalSection(SolutionProperties) = preSolution
		HideSolutionNode = FALSE
	EndGlobalSection
	GlobalSection(ExtensibilityGlobals) = postSolution
		SolutionGuid = {B9C00A4D-320B-436D-BF9C-686D8499A272}
	EndGlobalSection
EndGlobal
